{
  "name": "solana",
  "version": "1.0.0",
  "lockfileVersion": 3,
  "requires": true,
  "packages": {
    "": {
      "name": "solana",
      "version": "1.0.0",
      "license": "ISC",
      "dependencies": {
        "@solana/kit": "^5.0.0",
        "tsx": "^4.20.6",
        "typescript": "^5.9.3"
      }
    },
    "node_modules/@esbuild/aix-ppc64": {
      "version": "0.25.12",
      "resolved": "https://registry.npmjs.org/@esbuild/aix-ppc64/-/aix-ppc64-0.25.12.tgz",
      "integrity": "sha512-Hhmwd6CInZ3dwpuGTF8fJG6yoWmsToE+vYgD4nytZVxcu1ulHpUQRAB1UJ8+N1Am3Mz4+xOByoQoSZf4D+CpkA==",
      "cpu": [
        "ppc64"
      ],
      "license": "MIT",
      "optional": true,
      "os": [
        "aix"
      ],
      "engines": {
        "node": ">=18"
      }
    },
    "node_modules/@esbuild/android-arm": {
      "version": "0.25.12",
      "resolved": "https://registry.npmjs.org/@esbuild/android-arm/-/android-arm-0.25.12.tgz",
      "integrity": "sha512-VJ+sKvNA/GE7Ccacc9Cha7bpS8nyzVv0jdVgwNDaR4gDMC/2TTRc33Ip8qrNYUcpkOHUT5OZ0bUcNNVZQ9RLlg==",
      "cpu": [
        "arm"
      ],
      "license": "MIT",
      "optional": true,
      "os": [
        "android"
      ],
      "engines": {
        "node": ">=18"
      }
    },
    "node_modules/@esbuild/android-arm64": {
      "version": "0.25.12",
      "resolved": "https://registry.npmjs.org/@esbuild/android-arm64/-/android-arm64-0.25.12.tgz",
      "integrity": "sha512-6AAmLG7zwD1Z159jCKPvAxZd4y/VTO0VkprYy+3N2FtJ8+BQWFXU+OxARIwA46c5tdD9SsKGZ/1ocqBS/gAKHg==",
      "cpu": [
        "arm64"
      ],
      "license": "MIT",
      "optional": true,
      "os": [
        "android"
      ],
      "engines": {
        "node": ">=18"
      }
    },
    "node_modules/@esbuild/android-x64": {
      "version": "0.25.12",
      "resolved": "https://registry.npmjs.org/@esbuild/android-x64/-/android-x64-0.25.12.tgz",
      "integrity": "sha512-5jbb+2hhDHx5phYR2By8GTWEzn6I9UqR11Kwf22iKbNpYrsmRB18aX/9ivc5cabcUiAT/wM+YIZ6SG9QO6a8kg==",
      "cpu": [
        "x64"
      ],
      "license": "MIT",
      "optional": true,
      "os": [
        "android"
      ],
      "engines": {
        "node": ">=18"
      }
    },
    "node_modules/@esbuild/darwin-arm64": {
      "version": "0.25.12",
      "resolved": "https://registry.npmjs.org/@esbuild/darwin-arm64/-/darwin-arm64-0.25.12.tgz",
      "integrity": "sha512-N3zl+lxHCifgIlcMUP5016ESkeQjLj/959RxxNYIthIg+CQHInujFuXeWbWMgnTo4cp5XVHqFPmpyu9J65C1Yg==",
      "cpu": [
        "arm64"
      ],
      "license": "MIT",
      "optional": true,
      "os": [
        "darwin"
      ],
      "engines": {
        "node": ">=18"
      }
    },
    "node_modules/@esbuild/darwin-x64": {
      "version": "0.25.12",
      "resolved": "https://registry.npmjs.org/@esbuild/darwin-x64/-/darwin-x64-0.25.12.tgz",
      "integrity": "sha512-HQ9ka4Kx21qHXwtlTUVbKJOAnmG1ipXhdWTmNXiPzPfWKpXqASVcWdnf2bnL73wgjNrFXAa3yYvBSd9pzfEIpA==",
      "cpu": [
        "x64"
      ],
      "license": "MIT",
      "optional": true,
      "os": [
        "darwin"
      ],
      "engines": {
        "node": ">=18"
      }
    },
    "node_modules/@esbuild/freebsd-arm64": {
      "version": "0.25.12",
      "resolved": "https://registry.npmjs.org/@esbuild/freebsd-arm64/-/freebsd-arm64-0.25.12.tgz",
      "integrity": "sha512-gA0Bx759+7Jve03K1S0vkOu5Lg/85dou3EseOGUes8flVOGxbhDDh/iZaoek11Y8mtyKPGF3vP8XhnkDEAmzeg==",
      "cpu": [
        "arm64"
      ],
      "license": "MIT",
      "optional": true,
      "os": [
        "freebsd"
      ],
      "engines": {
        "node": ">=18"
      }
    },
    "node_modules/@esbuild/freebsd-x64": {
      "version": "0.25.12",
      "resolved": "https://registry.npmjs.org/@esbuild/freebsd-x64/-/freebsd-x64-0.25.12.tgz",
      "integrity": "sha512-TGbO26Yw2xsHzxtbVFGEXBFH0FRAP7gtcPE7P5yP7wGy7cXK2oO7RyOhL5NLiqTlBh47XhmIUXuGciXEqYFfBQ==",
      "cpu": [
        "x64"
      ],
      "license": "MIT",
      "optional": true,
      "os": [
        "freebsd"
      ],
      "engines": {
        "node": ">=18"
      }
    },
    "node_modules/@esbuild/linux-arm": {
      "version": "0.25.12",
      "resolved": "https://registry.npmjs.org/@esbuild/linux-arm/-/linux-arm-0.25.12.tgz",
      "integrity": "sha512-lPDGyC1JPDou8kGcywY0YILzWlhhnRjdof3UlcoqYmS9El818LLfJJc3PXXgZHrHCAKs/Z2SeZtDJr5MrkxtOw==",
      "cpu": [
        "arm"
      ],
      "license": "MIT",
      "optional": true,
      "os": [
        "linux"
      ],
      "engines": {
        "node": ">=18"
      }
    },
    "node_modules/@esbuild/linux-arm64": {
      "version": "0.25.12",
      "resolved": "https://registry.npmjs.org/@esbuild/linux-arm64/-/linux-arm64-0.25.12.tgz",
      "integrity": "sha512-8bwX7a8FghIgrupcxb4aUmYDLp8pX06rGh5HqDT7bB+8Rdells6mHvrFHHW2JAOPZUbnjUpKTLg6ECyzvas2AQ==",
      "cpu": [
        "arm64"
      ],
      "license": "MIT",
      "optional": true,
      "os": [
        "linux"
      ],
      "engines": {
        "node": ">=18"
      }
    },
    "node_modules/@esbuild/linux-ia32": {
      "version": "0.25.12",
      "resolved": "https://registry.npmjs.org/@esbuild/linux-ia32/-/linux-ia32-0.25.12.tgz",
      "integrity": "sha512-0y9KrdVnbMM2/vG8KfU0byhUN+EFCny9+8g202gYqSSVMonbsCfLjUO+rCci7pM0WBEtz+oK/PIwHkzxkyharA==",
      "cpu": [
        "ia32"
      ],
      "license": "MIT",
      "optional": true,
      "os": [
        "linux"
      ],
      "engines": {
        "node": ">=18"
      }
    },
    "node_modules/@esbuild/linux-loong64": {
      "version": "0.25.12",
      "resolved": "https://registry.npmjs.org/@esbuild/linux-loong64/-/linux-loong64-0.25.12.tgz",
      "integrity": "sha512-h///Lr5a9rib/v1GGqXVGzjL4TMvVTv+s1DPoxQdz7l/AYv6LDSxdIwzxkrPW438oUXiDtwM10o9PmwS/6Z0Ng==",
      "cpu": [
        "loong64"
      ],
      "license": "MIT",
      "optional": true,
      "os": [
        "linux"
      ],
      "engines": {
        "node": ">=18"
      }
    },
    "node_modules/@esbuild/linux-mips64el": {
      "version": "0.25.12",
      "resolved": "https://registry.npmjs.org/@esbuild/linux-mips64el/-/linux-mips64el-0.25.12.tgz",
      "integrity": "sha512-iyRrM1Pzy9GFMDLsXn1iHUm18nhKnNMWscjmp4+hpafcZjrr2WbT//d20xaGljXDBYHqRcl8HnxbX6uaA/eGVw==",
      "cpu": [
        "mips64el"
      ],
      "license": "MIT",
      "optional": true,
      "os": [
        "linux"
      ],
      "engines": {
        "node": ">=18"
      }
    },
    "node_modules/@esbuild/linux-ppc64": {
      "version": "0.25.12",
      "resolved": "https://registry.npmjs.org/@esbuild/linux-ppc64/-/linux-ppc64-0.25.12.tgz",
      "integrity": "sha512-9meM/lRXxMi5PSUqEXRCtVjEZBGwB7P/D4yT8UG/mwIdze2aV4Vo6U5gD3+RsoHXKkHCfSxZKzmDssVlRj1QQA==",
      "cpu": [
        "ppc64"
      ],
      "license": "MIT",
      "optional": true,
      "os": [
        "linux"
      ],
      "engines": {
        "node": ">=18"
      }
    },
    "node_modules/@esbuild/linux-riscv64": {
      "version": "0.25.12",
      "resolved": "https://registry.npmjs.org/@esbuild/linux-riscv64/-/linux-riscv64-0.25.12.tgz",
      "integrity": "sha512-Zr7KR4hgKUpWAwb1f3o5ygT04MzqVrGEGXGLnj15YQDJErYu/BGg+wmFlIDOdJp0PmB0lLvxFIOXZgFRrdjR0w==",
      "cpu": [
        "riscv64"
      ],
      "license": "MIT",
      "optional": true,
      "os": [
        "linux"
      ],
      "engines": {
        "node": ">=18"
      }
    },
    "node_modules/@esbuild/linux-s390x": {
      "version": "0.25.12",
      "resolved": "https://registry.npmjs.org/@esbuild/linux-s390x/-/linux-s390x-0.25.12.tgz",
      "integrity": "sha512-MsKncOcgTNvdtiISc/jZs/Zf8d0cl/t3gYWX8J9ubBnVOwlk65UIEEvgBORTiljloIWnBzLs4qhzPkJcitIzIg==",
      "cpu": [
        "s390x"
      ],
      "license": "MIT",
      "optional": true,
      "os": [
        "linux"
      ],
      "engines": {
        "node": ">=18"
      }
    },
    "node_modules/@esbuild/linux-x64": {
      "version": "0.25.12",
      "resolved": "https://registry.npmjs.org/@esbuild/linux-x64/-/linux-x64-0.25.12.tgz",
      "integrity": "sha512-uqZMTLr/zR/ed4jIGnwSLkaHmPjOjJvnm6TVVitAa08SLS9Z0VM8wIRx7gWbJB5/J54YuIMInDquWyYvQLZkgw==",
      "cpu": [
        "x64"
      ],
      "license": "MIT",
      "optional": true,
      "os": [
        "linux"
      ],
      "engines": {
        "node": ">=18"
      }
    },
    "node_modules/@esbuild/netbsd-arm64": {
      "version": "0.25.12",
      "resolved": "https://registry.npmjs.org/@esbuild/netbsd-arm64/-/netbsd-arm64-0.25.12.tgz",
      "integrity": "sha512-xXwcTq4GhRM7J9A8Gv5boanHhRa/Q9KLVmcyXHCTaM4wKfIpWkdXiMog/KsnxzJ0A1+nD+zoecuzqPmCRyBGjg==",
      "cpu": [
        "arm64"
      ],
      "license": "MIT",
      "optional": true,
      "os": [
        "netbsd"
      ],
      "engines": {
        "node": ">=18"
      }
    },
    "node_modules/@esbuild/netbsd-x64": {
      "version": "0.25.12",
      "resolved": "https://registry.npmjs.org/@esbuild/netbsd-x64/-/netbsd-x64-0.25.12.tgz",
      "integrity": "sha512-Ld5pTlzPy3YwGec4OuHh1aCVCRvOXdH8DgRjfDy/oumVovmuSzWfnSJg+VtakB9Cm0gxNO9BzWkj6mtO1FMXkQ==",
      "cpu": [
        "x64"
      ],
      "license": "MIT",
      "optional": true,
      "os": [
        "netbsd"
      ],
      "engines": {
        "node": ">=18"
      }
    },
    "node_modules/@esbuild/openbsd-arm64": {
      "version": "0.25.12",
      "resolved": "https://registry.npmjs.org/@esbuild/openbsd-arm64/-/openbsd-arm64-0.25.12.tgz",
      "integrity": "sha512-fF96T6KsBo/pkQI950FARU9apGNTSlZGsv1jZBAlcLL1MLjLNIWPBkj5NlSz8aAzYKg+eNqknrUJ24QBybeR5A==",
      "cpu": [
        "arm64"
      ],
      "license": "MIT",
      "optional": true,
      "os": [
        "openbsd"
      ],
      "engines": {
        "node": ">=18"
      }
    },
    "node_modules/@esbuild/openbsd-x64": {
      "version": "0.25.12",
      "resolved": "https://registry.npmjs.org/@esbuild/openbsd-x64/-/openbsd-x64-0.25.12.tgz",
      "integrity": "sha512-MZyXUkZHjQxUvzK7rN8DJ3SRmrVrke8ZyRusHlP+kuwqTcfWLyqMOE3sScPPyeIXN/mDJIfGXvcMqCgYKekoQw==",
      "cpu": [
        "x64"
      ],
      "license": "MIT",
      "optional": true,
      "os": [
        "openbsd"
      ],
      "engines": {
        "node": ">=18"
      }
    },
    "node_modules/@esbuild/openharmony-arm64": {
      "version": "0.25.12",
      "resolved": "https://registry.npmjs.org/@esbuild/openharmony-arm64/-/openharmony-arm64-0.25.12.tgz",
      "integrity": "sha512-rm0YWsqUSRrjncSXGA7Zv78Nbnw4XL6/dzr20cyrQf7ZmRcsovpcRBdhD43Nuk3y7XIoW2OxMVvwuRvk9XdASg==",
      "cpu": [
        "arm64"
      ],
      "license": "MIT",
      "optional": true,
      "os": [
        "openharmony"
      ],
      "engines": {
        "node": ">=18"
      }
    },
    "node_modules/@esbuild/sunos-x64": {
      "version": "0.25.12",
      "resolved": "https://registry.npmjs.org/@esbuild/sunos-x64/-/sunos-x64-0.25.12.tgz",
      "integrity": "sha512-3wGSCDyuTHQUzt0nV7bocDy72r2lI33QL3gkDNGkod22EsYl04sMf0qLb8luNKTOmgF/eDEDP5BFNwoBKH441w==",
      "cpu": [
        "x64"
      ],
      "license": "MIT",
      "optional": true,
      "os": [
        "sunos"
      ],
      "engines": {
        "node": ">=18"
      }
    },
    "node_modules/@esbuild/win32-arm64": {
      "version": "0.25.12",
      "resolved": "https://registry.npmjs.org/@esbuild/win32-arm64/-/win32-arm64-0.25.12.tgz",
      "integrity": "sha512-rMmLrur64A7+DKlnSuwqUdRKyd3UE7oPJZmnljqEptesKM8wx9J8gx5u0+9Pq0fQQW8vqeKebwNXdfOyP+8Bsg==",
      "cpu": [
        "arm64"
      ],
      "license": "MIT",
      "optional": true,
      "os": [
        "win32"
      ],
      "engines": {
        "node": ">=18"
      }
    },
    "node_modules/@esbuild/win32-ia32": {
      "version": "0.25.12",
      "resolved": "https://registry.npmjs.org/@esbuild/win32-ia32/-/win32-ia32-0.25.12.tgz",
      "integrity": "sha512-HkqnmmBoCbCwxUKKNPBixiWDGCpQGVsrQfJoVGYLPT41XWF8lHuE5N6WhVia2n4o5QK5M4tYr21827fNhi4byQ==",
      "cpu": [
        "ia32"
      ],
      "license": "MIT",
      "optional": true,
      "os": [
        "win32"
      ],
      "engines": {
        "node": ">=18"
      }
    },
    "node_modules/@esbuild/win32-x64": {
      "version": "0.25.12",
      "resolved": "https://registry.npmjs.org/@esbuild/win32-x64/-/win32-x64-0.25.12.tgz",
      "integrity": "sha512-alJC0uCZpTFrSL0CCDjcgleBXPnCrEAhTBILpeAp7M/OFgoqtAetfBzX0xM00MUsVVPpVjlPuMbREqnZCXaTnA==",
      "cpu": [
        "x64"
      ],
      "license": "MIT",
      "optional": true,
      "os": [
        "win32"
      ],
      "engines": {
        "node": ">=18"
      }
    },
    "node_modules/@solana/accounts": {
      "version": "5.0.0",
      "resolved": "https://registry.npmjs.org/@solana/accounts/-/accounts-5.0.0.tgz",
      "integrity": "sha512-0JzBdEobgp8NBdhhu+GgwNDh7e8KkHDsSTVZAnNQgvT3taOz0Mwv5E48MuEeDhW6DLFwWVAx/FO3pvibG/NGwA==",
      "license": "MIT",
      "dependencies": {
        "@solana/addresses": "5.0.0",
        "@solana/codecs-core": "5.0.0",
        "@solana/codecs-strings": "5.0.0",
        "@solana/errors": "5.0.0",
        "@solana/rpc-spec": "5.0.0",
        "@solana/rpc-types": "5.0.0"
      },
      "engines": {
        "node": ">=20.18.0"
      },
      "peerDependencies": {
        "typescript": ">=5.3.3"
      }
    },
    "node_modules/@solana/addresses": {
      "version": "5.0.0",
      "resolved": "https://registry.npmjs.org/@solana/addresses/-/addresses-5.0.0.tgz",
      "integrity": "sha512-bVk+khc1ZZQHMri25csosM/ikuyPcB/CZidDM/ZMBX0CoJErpHJnmcID5mYOmv4/UHbqo2OANuEaGcFO0Q37sw==",
      "license": "MIT",
      "dependencies": {
        "@solana/assertions": "5.0.0",
        "@solana/codecs-core": "5.0.0",
        "@solana/codecs-strings": "5.0.0",
        "@solana/errors": "5.0.0",
        "@solana/nominal-types": "5.0.0"
      },
      "engines": {
        "node": ">=20.18.0"
      },
      "peerDependencies": {
        "typescript": ">=5.3.3"
      }
    },
    "node_modules/@solana/assertions": {
      "version": "5.0.0",
      "resolved": "https://registry.npmjs.org/@solana/assertions/-/assertions-5.0.0.tgz",
      "integrity": "sha512-2kIykk90kYciQW6bp+KaE6jRd1Y2CgHPeJxxlc5chQnjhoG6eiD8VXvocs6AvqPTht0p/SoEj9jH5tT4oG/bcg==",
      "license": "MIT",
      "dependencies": {
        "@solana/errors": "5.0.0"
      },
      "engines": {
        "node": ">=20.18.0"
      },
      "peerDependencies": {
        "typescript": ">=5.3.3"
      }
    },
    "node_modules/@solana/codecs": {
      "version": "5.0.0",
      "resolved": "https://registry.npmjs.org/@solana/codecs/-/codecs-5.0.0.tgz",
      "integrity": "sha512-KOw0gFUSBxIMDWLJ3AkVFkEci91dw0Rpx3C6y83Our7fSW+SEP8vRZklCElieYR85LHVB1QIEhoeHR7rc+Ifkw==",
      "license": "MIT",
      "dependencies": {
        "@solana/codecs-core": "5.0.0",
        "@solana/codecs-data-structures": "5.0.0",
        "@solana/codecs-numbers": "5.0.0",
        "@solana/codecs-strings": "5.0.0",
        "@solana/options": "5.0.0"
      },
      "engines": {
        "node": ">=20.18.0"
      },
      "peerDependencies": {
        "typescript": ">=5.3.3"
      }
    },
    "node_modules/@solana/codecs-core": {
      "version": "5.0.0",
      "resolved": "https://registry.npmjs.org/@solana/codecs-core/-/codecs-core-5.0.0.tgz",
      "integrity": "sha512-rCG2d8OaamVF2/J//YyCgDqNJpUytVVltw9C8mJtEz5c6Se/LR6BFuG8g4xeJswq/ab4RFk5/HFdgbvNjKgQjA==",
      "license": "MIT",
      "dependencies": {
        "@solana/errors": "5.0.0"
      },
      "engines": {
        "node": ">=20.18.0"
      },
      "peerDependencies": {
        "typescript": ">=5.3.3"
      }
    },
    "node_modules/@solana/codecs-data-structures": {
      "version": "5.0.0",
      "resolved": "https://registry.npmjs.org/@solana/codecs-data-structures/-/codecs-data-structures-5.0.0.tgz",
      "integrity": "sha512-y503Pqmv0LHcfcf0vQJGaxDvydQJbyCo8nK3nxn56EhFj5lBQ1NWb3WvTd83epigwuZurW2MhJARrpikfhQglQ==",
      "license": "MIT",
      "dependencies": {
        "@solana/codecs-core": "5.0.0",
        "@solana/codecs-numbers": "5.0.0",
        "@solana/errors": "5.0.0"
      },
      "engines": {
        "node": ">=20.18.0"
      },
      "peerDependencies": {
        "typescript": ">=5.3.3"
      }
    },
    "node_modules/@solana/codecs-numbers": {
      "version": "5.0.0",
      "resolved": "https://registry.npmjs.org/@solana/codecs-numbers/-/codecs-numbers-5.0.0.tgz",
      "integrity": "sha512-a2+skRLuUK02f/XFe4L0e1+wHCyfK25PkyseFps1v1l4pvevukFwth/EhSyrs6w5CsTJRVoR7MuE3E00PM4egw==",
      "license": "MIT",
      "dependencies": {
        "@solana/codecs-core": "5.0.0",
        "@solana/errors": "5.0.0"
      },
      "engines": {
        "node": ">=20.18.0"
      },
      "peerDependencies": {
        "typescript": ">=5.3.3"
      }
    },
    "node_modules/@solana/codecs-strings": {
      "version": "5.0.0",
      "resolved": "https://registry.npmjs.org/@solana/codecs-strings/-/codecs-strings-5.0.0.tgz",
      "integrity": "sha512-ALkRwpV8bGR6qjAYw0YXZwp2YI4wzvKOJGmx04Ut8gMdbaUx7qOcJkhEQKI6ZVC3lAWSIS1N1wGccUZDwvfKxw==",
      "license": "MIT",
      "dependencies": {
        "@solana/codecs-core": "5.0.0",
        "@solana/codecs-numbers": "5.0.0",
        "@solana/errors": "5.0.0"
      },
      "engines": {
        "node": ">=20.18.0"
      },
      "peerDependencies": {
        "fastestsmallesttextencoderdecoder": "^1.0.22",
        "typescript": ">=5.3.3"
      }
    },
    "node_modules/@solana/errors": {
      "version": "5.0.0",
      "resolved": "https://registry.npmjs.org/@solana/errors/-/errors-5.0.0.tgz",
      "integrity": "sha512-gTuhzO6E+ydfAAzqmqdPcvFyJwAzFKKIrqtnZPpgAuomcPYu+HSo0tuwSM/cTX0djmHt+GoOsf/julph+nvs2w==",
      "license": "MIT",
      "dependencies": {
        "chalk": "5.6.2",
        "commander": "14.0.1"
      },
      "bin": {
        "errors": "bin/cli.mjs"
      },
      "engines": {
        "node": ">=20.18.0"
      },
      "peerDependencies": {
        "typescript": ">=5.3.3"
      }
    },
    "node_modules/@solana/fast-stable-stringify": {
      "version": "5.0.0",
      "resolved": "https://registry.npmjs.org/@solana/fast-stable-stringify/-/fast-stable-stringify-5.0.0.tgz",
      "integrity": "sha512-sGTbu7a4/olL+8EIOOJ7IZjzqOOpCJcK1UaVJ6015sRgo9vwGf4jg9KtXEYv5LVhLCTYmAb50L4BaIUcBph/Ig==",
      "license": "MIT",
      "engines": {
        "node": ">=20.18.0"
      },
      "peerDependencies": {
        "typescript": ">=5.3.3"
      }
    },
    "node_modules/@solana/functional": {
      "version": "5.0.0",
      "resolved": "https://registry.npmjs.org/@solana/functional/-/functional-5.0.0.tgz",
      "integrity": "sha512-UNBrpfzBL4dKD2iucjNnrkFbnjz5ZYDu2OvrIBAcCSQsxxgHMamUj1n3EDe6kl1us49YG1r05Ho8QLqNrbkVbw==",
      "license": "MIT",
      "engines": {
        "node": ">=20.18.0"
      },
      "peerDependencies": {
        "typescript": ">=5.3.3"
      }
    },
    "node_modules/@solana/instruction-plans": {
      "version": "5.0.0",
      "resolved": "https://registry.npmjs.org/@solana/instruction-plans/-/instruction-plans-5.0.0.tgz",
      "integrity": "sha512-n9oFOMFUPYKEhsXzrXT97QBQ2WvOTar+5SFEj/IOtRuCn4gl2kh0369cjXZpFwUdE3tmKr1zfYFNwbtiNx5pvg==",
      "license": "MIT",
      "dependencies": {
        "@solana/errors": "5.0.0",
        "@solana/instructions": "5.0.0",
        "@solana/promises": "5.0.0",
        "@solana/transaction-messages": "5.0.0",
        "@solana/transactions": "5.0.0"
      },
      "engines": {
        "node": ">=20.18.0"
      },
      "peerDependencies": {
        "typescript": ">=5.3.3"
      }
    },
    "node_modules/@solana/instructions": {
      "version": "5.0.0",
      "resolved": "https://registry.npmjs.org/@solana/instructions/-/instructions-5.0.0.tgz",
      "integrity": "sha512-12dbrmwERT1o6NTr/Uvrjj/ZsiteSXoT5Gi+dnjIeRNHWg9H+gEFuFzJvTDVKlNg34CZ71xdvbVdbV0V8gKGvg==",
      "license": "MIT",
      "dependencies": {
        "@solana/codecs-core": "5.0.0",
        "@solana/errors": "5.0.0"
      },
      "engines": {
        "node": ">=20.18.0"
      },
      "peerDependencies": {
        "typescript": ">=5.3.3"
      }
    },
    "node_modules/@solana/keys": {
      "version": "5.0.0",
      "resolved": "https://registry.npmjs.org/@solana/keys/-/keys-5.0.0.tgz",
      "integrity": "sha512-kWkR7NslpTttk5i1BhBNCDtVQDkEtgkdsM3Jp9TGPk0GFjBjBwrQStw3vvwLe8itEIvRFGFZU6JHEk8HLS0WLQ==",
      "license": "MIT",
      "dependencies": {
        "@solana/assertions": "5.0.0",
        "@solana/codecs-core": "5.0.0",
        "@solana/codecs-strings": "5.0.0",
        "@solana/errors": "5.0.0",
        "@solana/nominal-types": "5.0.0"
      },
      "engines": {
        "node": ">=20.18.0"
      },
      "peerDependencies": {
        "typescript": ">=5.3.3"
      }
    },
    "node_modules/@solana/kit": {
      "version": "5.0.0",
      "resolved": "https://registry.npmjs.org/@solana/kit/-/kit-5.0.0.tgz",
      "integrity": "sha512-3ahtzmmMgU+1l2YMhQJSKKm14IdvCycOE/m4XNMu/4icBIptmBgZxrmgRpPHqBilBa+Krp/hBuTg4HWl9IAgWw==",
      "license": "MIT",
      "dependencies": {
        "@solana/accounts": "5.0.0",
        "@solana/addresses": "5.0.0",
        "@solana/codecs": "5.0.0",
        "@solana/errors": "5.0.0",
        "@solana/functional": "5.0.0",
        "@solana/instruction-plans": "5.0.0",
        "@solana/instructions": "5.0.0",
        "@solana/keys": "5.0.0",
        "@solana/programs": "5.0.0",
        "@solana/rpc": "5.0.0",
        "@solana/rpc-parsed-types": "5.0.0",
        "@solana/rpc-spec-types": "5.0.0",
        "@solana/rpc-subscriptions": "5.0.0",
        "@solana/rpc-types": "5.0.0",
        "@solana/signers": "5.0.0",
        "@solana/sysvars": "5.0.0",
        "@solana/transaction-confirmation": "5.0.0",
        "@solana/transaction-messages": "5.0.0",
        "@solana/transactions": "5.0.0"
      },
      "engines": {
        "node": ">=20.18.0"
      },
      "peerDependencies": {
        "typescript": ">=5.3.3"
      }
    },
    "node_modules/@solana/nominal-types": {
      "version": "5.0.0",
      "resolved": "https://registry.npmjs.org/@solana/nominal-types/-/nominal-types-5.0.0.tgz",
      "integrity": "sha512-Qn7xH4UG2rDAv+wAyheP4jWvX3oQmbZ/woxFZwug7PaRLvyjUswGr38Hil+SjiQyFDo+un1UqWM9N9yusUeeZQ==",
      "license": "MIT",
      "engines": {
        "node": ">=20.18.0"
      },
      "peerDependencies": {
        "typescript": ">=5.3.3"
      }
    },
    "node_modules/@solana/options": {
      "version": "5.0.0",
      "resolved": "https://registry.npmjs.org/@solana/options/-/options-5.0.0.tgz",
      "integrity": "sha512-ezHVBFb9FXVSn8LUVRD2tLb6fejU0x8KtGEYyCYh0J0pQuXSITV0IQCjcEopvu/ZxWdXOJyzjvmymnhz90on5A==",
      "license": "MIT",
      "dependencies": {
        "@solana/codecs-core": "5.0.0",
        "@solana/codecs-data-structures": "5.0.0",
        "@solana/codecs-numbers": "5.0.0",
        "@solana/codecs-strings": "5.0.0",
        "@solana/errors": "5.0.0"
      },
      "engines": {
        "node": ">=20.18.0"
      },
      "peerDependencies": {
        "typescript": ">=5.3.3"
      }
    },
    "node_modules/@solana/programs": {
      "version": "5.0.0",
      "resolved": "https://registry.npmjs.org/@solana/programs/-/programs-5.0.0.tgz",
      "integrity": "sha512-BKOfBDrSUCJGZ+qKk2aFLu0nU9/84o6z/VDCJkLjaNNuTv8nOlSYq5flNzo1eyJmnpyW372qNvqqRN3AS23+FQ==",
      "license": "MIT",
      "dependencies": {
        "@solana/addresses": "5.0.0",
        "@solana/errors": "5.0.0"
      },
      "engines": {
        "node": ">=20.18.0"
      },
      "peerDependencies": {
        "typescript": ">=5.3.3"
      }
    },
    "node_modules/@solana/promises": {
      "version": "5.0.0",
      "resolved": "https://registry.npmjs.org/@solana/promises/-/promises-5.0.0.tgz",
      "integrity": "sha512-Qmg3UfYfWINEUvBQL3DkPOq34tTg5cfrkPlDtJmi8RVifsPqb6hksbKZGu7ASLZohxIDGmnYQY6oELI7Me+5yw==",
      "license": "MIT",
      "engines": {
        "node": ">=20.18.0"
      },
      "peerDependencies": {
        "typescript": ">=5.3.3"
      }
    },
    "node_modules/@solana/rpc": {
      "version": "5.0.0",
      "resolved": "https://registry.npmjs.org/@solana/rpc/-/rpc-5.0.0.tgz",
      "integrity": "sha512-Myx/ZBmMHkgh9Di3tLzc+vd30f+6YC1JXr9+YmIHKEeqN/+iTHkDJU2E/hGRLy8vTOBOU7+2466A+dLnSVuGkg==",
      "license": "MIT",
      "dependencies": {
        "@solana/errors": "5.0.0",
        "@solana/fast-stable-stringify": "5.0.0",
        "@solana/functional": "5.0.0",
        "@solana/rpc-api": "5.0.0",
        "@solana/rpc-spec": "5.0.0",
        "@solana/rpc-spec-types": "5.0.0",
        "@solana/rpc-transformers": "5.0.0",
        "@solana/rpc-transport-http": "5.0.0",
        "@solana/rpc-types": "5.0.0"
      },
      "engines": {
        "node": ">=20.18.0"
      },
      "peerDependencies": {
        "typescript": ">=5.3.3"
      }
    },
    "node_modules/@solana/rpc-api": {
      "version": "5.0.0",
      "resolved": "https://registry.npmjs.org/@solana/rpc-api/-/rpc-api-5.0.0.tgz",
      "integrity": "sha512-IJbZZnX2B1ldXPok1NhneXTYq9ZvdJbE5Pryr03pZTlPJaWGqDcZuQ14nwR4s6PoUUgdT+p87QlLZqLb8MusoQ==",
      "license": "MIT",
      "dependencies": {
        "@solana/addresses": "5.0.0",
        "@solana/codecs-core": "5.0.0",
        "@solana/codecs-strings": "5.0.0",
        "@solana/errors": "5.0.0",
        "@solana/keys": "5.0.0",
        "@solana/rpc-parsed-types": "5.0.0",
        "@solana/rpc-spec": "5.0.0",
        "@solana/rpc-transformers": "5.0.0",
        "@solana/rpc-types": "5.0.0",
        "@solana/transaction-messages": "5.0.0",
        "@solana/transactions": "5.0.0"
      },
      "engines": {
        "node": ">=20.18.0"
      },
      "peerDependencies": {
        "typescript": ">=5.3.3"
      }
    },
    "node_modules/@solana/rpc-parsed-types": {
      "version": "5.0.0",
      "resolved": "https://registry.npmjs.org/@solana/rpc-parsed-types/-/rpc-parsed-types-5.0.0.tgz",
      "integrity": "sha512-fU9uqlOYAaBqgk2qCl+ntenBm7wuSFBRbIO/rVjeBPd/qPCvNZU+qFET+ERLK6wbCTSz0MmdHqPn1V8KCMOvZQ==",
      "license": "MIT",
      "engines": {
        "node": ">=20.18.0"
      },
      "peerDependencies": {
        "typescript": ">=5.3.3"
      }
    },
    "node_modules/@solana/rpc-spec": {
      "version": "5.0.0",
      "resolved": "https://registry.npmjs.org/@solana/rpc-spec/-/rpc-spec-5.0.0.tgz",
      "integrity": "sha512-1LD2SYEQ5bYhiBumznAPzymtxSX4nYLZd6u+FA0bAxNBVzHDvUUQzVSXHAoWROhlGrCyvtALTs9u0DIDlgZHCA==",
      "license": "MIT",
      "dependencies": {
        "@solana/errors": "5.0.0",
        "@solana/rpc-spec-types": "5.0.0"
      },
      "engines": {
        "node": ">=20.18.0"
      },
      "peerDependencies": {
        "typescript": ">=5.3.3"
      }
    },
    "node_modules/@solana/rpc-spec-types": {
      "version": "5.0.0",
      "resolved": "https://registry.npmjs.org/@solana/rpc-spec-types/-/rpc-spec-types-5.0.0.tgz",
      "integrity": "sha512-B0P/ylXVaCG5oSIV+kB88s2qoW996D8iKhc7RyF0C/AyYvklF6kCwv0N9ZVrWp0ibjlQ8St290WbBHJyo7QZkA==",
      "license": "MIT",
      "engines": {
        "node": ">=20.18.0"
      },
      "peerDependencies": {
        "typescript": ">=5.3.3"
      }
    },
    "node_modules/@solana/rpc-subscriptions": {
      "version": "5.0.0",
      "resolved": "https://registry.npmjs.org/@solana/rpc-subscriptions/-/rpc-subscriptions-5.0.0.tgz",
      "integrity": "sha512-cziOSzom/bwFZXViR9J+MxDsdLMcfvrXGw5Icng7dYODFKuVqfsDrQoG8uekJc4fREnbPEM2U+u9YnYSYbFbww==",
      "license": "MIT",
      "dependencies": {
        "@solana/errors": "5.0.0",
        "@solana/fast-stable-stringify": "5.0.0",
        "@solana/functional": "5.0.0",
        "@solana/promises": "5.0.0",
        "@solana/rpc-spec-types": "5.0.0",
        "@solana/rpc-subscriptions-api": "5.0.0",
        "@solana/rpc-subscriptions-channel-websocket": "5.0.0",
        "@solana/rpc-subscriptions-spec": "5.0.0",
        "@solana/rpc-transformers": "5.0.0",
        "@solana/rpc-types": "5.0.0",
        "@solana/subscribable": "5.0.0"
      },
      "engines": {
        "node": ">=20.18.0"
      },
      "peerDependencies": {
        "typescript": ">=5.3.3"
      }
    },
    "node_modules/@solana/rpc-subscriptions-api": {
      "version": "5.0.0",
      "resolved": "https://registry.npmjs.org/@solana/rpc-subscriptions-api/-/rpc-subscriptions-api-5.0.0.tgz",
      "integrity": "sha512-DGUn3C12swV2FConOlLFN14npIrCtnxehtMLjszMC7g6p/P6WNIz5uAgF7YcIkLBDV8uTeWhM0azmK+V8Qqhvg==",
      "license": "MIT",
      "dependencies": {
        "@solana/addresses": "5.0.0",
        "@solana/keys": "5.0.0",
        "@solana/rpc-subscriptions-spec": "5.0.0",
        "@solana/rpc-transformers": "5.0.0",
        "@solana/rpc-types": "5.0.0",
        "@solana/transaction-messages": "5.0.0",
        "@solana/transactions": "5.0.0"
      },
      "engines": {
        "node": ">=20.18.0"
      },
      "peerDependencies": {
        "typescript": ">=5.3.3"
      }
    },
    "node_modules/@solana/rpc-subscriptions-channel-websocket": {
      "version": "5.0.0",
      "resolved": "https://registry.npmjs.org/@solana/rpc-subscriptions-channel-websocket/-/rpc-subscriptions-channel-websocket-5.0.0.tgz",
      "integrity": "sha512-vsYXyjVX/kExfpr91zfMKTmWKKFCM+dkhXQDAz5aEE7kAF3KSZDiOGeYvN8Rc85lbIt9QK6BLAT+NBMv4/N9Qg==",
      "license": "MIT",
      "dependencies": {
        "@solana/errors": "5.0.0",
        "@solana/functional": "5.0.0",
        "@solana/rpc-subscriptions-spec": "5.0.0",
        "@solana/subscribable": "5.0.0"
      },
      "engines": {
        "node": ">=20.18.0"
      },
      "peerDependencies": {
        "typescript": ">=5.3.3",
        "ws": "^8.18.0"
      }
    },
    "node_modules/@solana/rpc-subscriptions-spec": {
      "version": "5.0.0",
      "resolved": "https://registry.npmjs.org/@solana/rpc-subscriptions-spec/-/rpc-subscriptions-spec-5.0.0.tgz",
      "integrity": "sha512-erRLvZMncwnciJP6I1SlAk0CyRGIgt83PyHWOVCRXENP9Q5dZbZ9pm4lar2yIp8EjIMnodGHsQWIlKc1hlCQlQ==",
      "license": "MIT",
      "dependencies": {
        "@solana/errors": "5.0.0",
        "@solana/promises": "5.0.0",
        "@solana/rpc-spec-types": "5.0.0",
        "@solana/subscribable": "5.0.0"
      },
      "engines": {
        "node": ">=20.18.0"
      },
      "peerDependencies": {
        "typescript": ">=5.3.3"
      }
    },
    "node_modules/@solana/rpc-transformers": {
      "version": "5.0.0",
      "resolved": "https://registry.npmjs.org/@solana/rpc-transformers/-/rpc-transformers-5.0.0.tgz",
      "integrity": "sha512-EMHhSgfF6/T4FfHbLaBP08SIj1ZAjxJr6WPNZMHLV7Cup8UfiB9TNV+bPQkum7JbVQNhUKzkKEEmyYqPfQoV9w==",
      "license": "MIT",
      "dependencies": {
        "@solana/errors": "5.0.0",
        "@solana/functional": "5.0.0",
        "@solana/nominal-types": "5.0.0",
        "@solana/rpc-spec-types": "5.0.0",
        "@solana/rpc-types": "5.0.0"
      },
      "engines": {
        "node": ">=20.18.0"
      },
      "peerDependencies": {
        "typescript": ">=5.3.3"
      }
    },
    "node_modules/@solana/rpc-transport-http": {
      "version": "5.0.0",
      "resolved": "https://registry.npmjs.org/@solana/rpc-transport-http/-/rpc-transport-http-5.0.0.tgz",
      "integrity": "sha512-RoIEvWp7yc7rIRzNkOyjLs2UQF0odIEMWj87dbD4Ir4hwTCGo/TSTfQF/8KDV2etdke3Fa1K+W1NkpG2POqWFg==",
      "license": "MIT",
      "dependencies": {
        "@solana/errors": "5.0.0",
        "@solana/rpc-spec": "5.0.0",
        "@solana/rpc-spec-types": "5.0.0",
        "undici-types": "^7.16.0"
      },
      "engines": {
        "node": ">=20.18.0"
      },
      "peerDependencies": {
        "typescript": ">=5.3.3"
      }
    },
    "node_modules/@solana/rpc-types": {
      "version": "5.0.0",
      "resolved": "https://registry.npmjs.org/@solana/rpc-types/-/rpc-types-5.0.0.tgz",
      "integrity": "sha512-JMbhwnV6nX4ezJv/KmaElOR0r/MZTKzKpaz6cv7FopLNuPrYCBrRCZKuM2XQh6gUbt9Mey08/KBOmOGmzTbL/g==",
      "license": "MIT",
      "dependencies": {
        "@solana/addresses": "5.0.0",
        "@solana/codecs-core": "5.0.0",
        "@solana/codecs-numbers": "5.0.0",
        "@solana/codecs-strings": "5.0.0",
        "@solana/errors": "5.0.0",
        "@solana/nominal-types": "5.0.0"
      },
      "engines": {
        "node": ">=20.18.0"
      },
      "peerDependencies": {
        "typescript": ">=5.3.3"
      }
    },
    "node_modules/@solana/signers": {
      "version": "5.0.0",
      "resolved": "https://registry.npmjs.org/@solana/signers/-/signers-5.0.0.tgz",
      "integrity": "sha512-9Hw6HekSEzj5O7UBBFPrxk96W5e8tMI3n7KbW7/QiKBDpuvYw9WtnjOsWUE7LqQoc1P0JjGEsrmxE9raQBLvuQ==",
      "license": "MIT",
      "dependencies": {
        "@solana/addresses": "5.0.0",
        "@solana/codecs-core": "5.0.0",
        "@solana/errors": "5.0.0",
        "@solana/instructions": "5.0.0",
        "@solana/keys": "5.0.0",
        "@solana/nominal-types": "5.0.0",
        "@solana/transaction-messages": "5.0.0",
        "@solana/transactions": "5.0.0"
      },
      "engines": {
        "node": ">=20.18.0"
      },
      "peerDependencies": {
        "typescript": ">=5.3.3"
      }
    },
    "node_modules/@solana/subscribable": {
      "version": "5.0.0",
      "resolved": "https://registry.npmjs.org/@solana/subscribable/-/subscribable-5.0.0.tgz",
      "integrity": "sha512-C2TydIRRd5XUJ8asbARi67Sj/3DRLubWalnNoafBhDsrb88jsRVylntvwXgBw/+lwJdEPEsUnxvcdgdm+3lFlw==",
      "license": "MIT",
      "dependencies": {
        "@solana/errors": "5.0.0"
      },
      "engines": {
        "node": ">=20.18.0"
      },
      "peerDependencies": {
        "typescript": ">=5.3.3"
      }
    },
    "node_modules/@solana/sysvars": {
      "version": "5.0.0",
      "resolved": "https://registry.npmjs.org/@solana/sysvars/-/sysvars-5.0.0.tgz",
      "integrity": "sha512-F/GEb2rS8mrgDd79lDPyu8za9jGE6cRlS4jHNeKCkvOCJxdKQbX34JIzx4kwzjtvk7O8/yrDHfGdpA8nBg/l4w==",
      "license": "MIT",
      "dependencies": {
        "@solana/accounts": "5.0.0",
        "@solana/codecs": "5.0.0",
        "@solana/errors": "5.0.0",
        "@solana/rpc-types": "5.0.0"
      },
      "engines": {
        "node": ">=20.18.0"
      },
      "peerDependencies": {
        "typescript": ">=5.3.3"
      }
    },
    "node_modules/@solana/transaction-confirmation": {
      "version": "5.0.0",
      "resolved": "https://registry.npmjs.org/@solana/transaction-confirmation/-/transaction-confirmation-5.0.0.tgz",
      "integrity": "sha512-LpusTopYIuQC8hBCloExkTr4Z5/zdp5f4IIbzD5XFeW3xXPZytS3H1IDMGk4bmLdZi9zQNA4lnNHKra5IncRbw==",
      "license": "MIT",
      "dependencies": {
        "@solana/addresses": "5.0.0",
        "@solana/codecs-strings": "5.0.0",
        "@solana/errors": "5.0.0",
        "@solana/keys": "5.0.0",
        "@solana/promises": "5.0.0",
        "@solana/rpc": "5.0.0",
        "@solana/rpc-subscriptions": "5.0.0",
        "@solana/rpc-types": "5.0.0",
        "@solana/transaction-messages": "5.0.0",
        "@solana/transactions": "5.0.0"
      },
      "engines": {
        "node": ">=20.18.0"
      },
      "peerDependencies": {
        "typescript": ">=5.3.3"
      }
    },
    "node_modules/@solana/transaction-messages": {
      "version": "5.0.0",
      "resolved": "https://registry.npmjs.org/@solana/transaction-messages/-/transaction-messages-5.0.0.tgz",
      "integrity": "sha512-rJLe1wUGW5DovQFV0gjXHXnriPxTBgZ3TvGWnjCu2OIBU8mcQkQVJ7zzVZY2IAYlmJ6OSF9nvzhSt/ncPbkJPg==",
      "license": "MIT",
      "dependencies": {
        "@solana/addresses": "5.0.0",
        "@solana/codecs-core": "5.0.0",
        "@solana/codecs-data-structures": "5.0.0",
        "@solana/codecs-numbers": "5.0.0",
        "@solana/errors": "5.0.0",
        "@solana/functional": "5.0.0",
        "@solana/instructions": "5.0.0",
        "@solana/nominal-types": "5.0.0",
        "@solana/rpc-types": "5.0.0"
      },
      "engines": {
        "node": ">=20.18.0"
      },
      "peerDependencies": {
        "typescript": ">=5.3.3"
      }
    },
    "node_modules/@solana/transactions": {
      "version": "5.0.0",
      "resolved": "https://registry.npmjs.org/@solana/transactions/-/transactions-5.0.0.tgz",
      "integrity": "sha512-4TcsqH7JtgRKGGBIRRGz0n+tXu4h5TPPC49kkV0ygIndQaHW7FOZUYTwQ0epq0A5h9KYi+ClNbzF9xiuDbAD5Q==",
      "license": "MIT",
      "dependencies": {
        "@solana/addresses": "5.0.0",
        "@solana/codecs-core": "5.0.0",
        "@solana/codecs-data-structures": "5.0.0",
        "@solana/codecs-numbers": "5.0.0",
        "@solana/codecs-strings": "5.0.0",
        "@solana/errors": "5.0.0",
        "@solana/functional": "5.0.0",
        "@solana/instructions": "5.0.0",
        "@solana/keys": "5.0.0",
        "@solana/nominal-types": "5.0.0",
        "@solana/rpc-types": "5.0.0",
        "@solana/transaction-messages": "5.0.0"
      },
      "engines": {
        "node": ">=20.18.0"
      },
      "peerDependencies": {
        "typescript": ">=5.3.3"
      }
    },
    "node_modules/chalk": {
      "version": "5.6.2",
      "resolved": "https://registry.npmjs.org/chalk/-/chalk-5.6.2.tgz",
      "integrity": "sha512-7NzBL0rN6fMUW+f7A6Io4h40qQlG+xGmtMxfbnH/K7TAtt8JQWVQK+6g0UXKMeVJoyV5EkkNsErQ8pVD3bLHbA==",
      "license": "MIT",
      "engines": {
        "node": "^12.17.0 || ^14.13 || >=16.0.0"
      },
      "funding": {
        "url": "https://github.com/chalk/chalk?sponsor=1"
      }
    },
    "node_modules/commander": {
      "version": "14.0.1",
      "resolved": "https://registry.npmjs.org/commander/-/commander-14.0.1.tgz",
      "integrity": "sha512-2JkV3gUZUVrbNA+1sjBOYLsMZ5cEEl8GTFP2a4AVz5hvasAMCQ1D2l2le/cX+pV4N6ZU17zjUahLpIXRrnWL8A==",
      "license": "MIT",
      "engines": {
        "node": ">=20"
      }
    },
    "node_modules/esbuild": {
      "version": "0.25.12",
      "resolved": "https://registry.npmjs.org/esbuild/-/esbuild-0.25.12.tgz",
      "integrity": "sha512-bbPBYYrtZbkt6Os6FiTLCTFxvq4tt3JKall1vRwshA3fdVztsLAatFaZobhkBC8/BrPetoa0oksYoKXoG4ryJg==",
      "hasInstallScript": true,
      "license": "MIT",
      "bin": {
        "esbuild": "bin/esbuild"
      },
      "engines": {
        "node": ">=18"
      },
      "optionalDependencies": {
        "@esbuild/aix-ppc64": "0.25.12",
        "@esbuild/android-arm": "0.25.12",
        "@esbuild/android-arm64": "0.25.12",
        "@esbuild/android-x64": "0.25.12",
        "@esbuild/darwin-arm64": "0.25.12",
        "@esbuild/darwin-x64": "0.25.12",
        "@esbuild/freebsd-arm64": "0.25.12",
        "@esbuild/freebsd-x64": "0.25.12",
        "@esbuild/linux-arm": "0.25.12",
        "@esbuild/linux-arm64": "0.25.12",
        "@esbuild/linux-ia32": "0.25.12",
        "@esbuild/linux-loong64": "0.25.12",
        "@esbuild/linux-mips64el": "0.25.12",
        "@esbuild/linux-ppc64": "0.25.12",
        "@esbuild/linux-riscv64": "0.25.12",
        "@esbuild/linux-s390x": "0.25.12",
        "@esbuild/linux-x64": "0.25.12",
        "@esbuild/netbsd-arm64": "0.25.12",
        "@esbuild/netbsd-x64": "0.25.12",
        "@esbuild/openbsd-arm64": "0.25.12",
        "@esbuild/openbsd-x64": "0.25.12",
        "@esbuild/openharmony-arm64": "0.25.12",
        "@esbuild/sunos-x64": "0.25.12",
        "@esbuild/win32-arm64": "0.25.12",
        "@esbuild/win32-ia32": "0.25.12",
        "@esbuild/win32-x64": "0.25.12"
      }
    },
    "node_modules/fastestsmallesttextencoderdecoder": {
      "version": "1.0.22",
      "resolved": "https://registry.npmjs.org/fastestsmallesttextencoderdecoder/-/fastestsmallesttextencoderdecoder-1.0.22.tgz",
      "integrity": "sha512-Pb8d48e+oIuY4MaM64Cd7OW1gt4nxCHs7/ddPPZ/Ic3sg8yVGM7O9wDvZ7us6ScaUupzM+pfBolwtYhN1IxBIw==",
      "license": "CC0-1.0",
      "peer": true
    },
    "node_modules/fsevents": {
      "version": "2.3.3",
      "resolved": "https://registry.npmjs.org/fsevents/-/fsevents-2.3.3.tgz",
      "integrity": "sha512-5xoDfX+fL7faATnagmWPpbFtwh/R77WmMMqqHGS65C3vvB0YHrgF+B1YmZ3441tMj5n63k0212XNoJwzlhffQw==",
      "hasInstallScript": true,
      "license": "MIT",
      "optional": true,
      "os": [
        "darwin"
      ],
      "engines": {
        "node": "^8.16.0 || ^10.6.0 || >=11.0.0"
      }
    },
    "node_modules/get-tsconfig": {
      "version": "4.13.0",
      "resolved": "https://registry.npmjs.org/get-tsconfig/-/get-tsconfig-4.13.0.tgz",
      "integrity": "sha512-1VKTZJCwBrvbd+Wn3AOgQP/2Av+TfTCOlE4AcRJE72W1ksZXbAx8PPBR9RzgTeSPzlPMHrbANMH3LbltH73wxQ==",
      "license": "MIT",
      "dependencies": {
        "resolve-pkg-maps": "^1.0.0"
      },
      "funding": {
        "url": "https://github.com/privatenumber/get-tsconfig?sponsor=1"
      }
    },
    "node_modules/resolve-pkg-maps": {
      "version": "1.0.0",
      "resolved": "https://registry.npmjs.org/resolve-pkg-maps/-/resolve-pkg-maps-1.0.0.tgz",
      "integrity": "sha512-seS2Tj26TBVOC2NIc2rOe2y2ZO7efxITtLZcGSOnHHNOQ7CkiUBfw0Iw2ck6xkIhPwLhKNLS8BO+hEpngQlqzw==",
      "license": "MIT",
      "funding": {
        "url": "https://github.com/privatenumber/resolve-pkg-maps?sponsor=1"
      }
    },
    "node_modules/tsx": {
      "version": "4.20.6",
      "resolved": "https://registry.npmjs.org/tsx/-/tsx-4.20.6.tgz",
      "integrity": "sha512-ytQKuwgmrrkDTFP4LjR0ToE2nqgy886GpvRSpU0JAnrdBYppuY5rLkRUYPU1yCryb24SsKBTL/hlDQAEFVwtZg==",
      "license": "MIT",
      "dependencies": {
        "esbuild": "~0.25.0",
        "get-tsconfig": "^4.7.5"
      },
      "bin": {
        "tsx": "dist/cli.mjs"
      },
      "engines": {
        "node": ">=18.0.0"
      },
      "optionalDependencies": {
        "fsevents": "~2.3.3"
      }
    },
    "node_modules/typescript": {
      "version": "5.9.3",
      "resolved": "https://registry.npmjs.org/typescript/-/typescript-5.9.3.tgz",
      "integrity": "sha512-jl1vZzPDinLr9eUt3J/t7V6FgNEw9QjvBPdysz9KfQDD41fQrC2Y4vKQdiaUpFT4bXlb1RHhLpp8wtm6M5TgSw==",
      "license": "Apache-2.0",
      "bin": {
        "tsc": "bin/tsc",
        "tsserver": "bin/tsserver"
      },
      "engines": {
        "node": ">=14.17"
      }
    },
    "node_modules/undici-types": {
      "version": "7.16.0",
      "resolved": "https://registry.npmjs.org/undici-types/-/undici-types-7.16.0.tgz",
      "integrity": "sha512-Zz+aZWSj8LE6zoxD+xrjh4VfkIG8Ya6LvYkZqtUQGJPZjYl53ypCaUwWqo7eI0x66KBGeRo+mlBEkMSeSZ38Nw==",
      "license": "MIT"
    },
    "node_modules/ws": {
      "version": "8.18.3",
      "resolved": "https://registry.npmjs.org/ws/-/ws-8.18.3.tgz",
      "integrity": "sha512-PEIGCY5tSlUt50cqyMXfCzX+oOPqN0vuGqWzbcJ2xvnkzkq46oOpz7dQaTDBdfICb4N14+GARUDw2XV2N4tvzg==",
      "license": "MIT",
      "peer": true,
      "engines": {
        "node": ">=10.0.0"
      },
      "peerDependencies": {
        "bufferutil": "^4.0.1",
        "utf-8-validate": ">=5.0.2"
      },
      "peerDependenciesMeta": {
        "bufferutil": {
          "optional": true
        },
        "utf-8-validate": {
          "optional": true
        }
      }
    }
  }
}
